
Microsoft Visual Studio Solution File, Format Version 12.00
# Visual Studio Version 17
VisualStudioVersion = 17.10.35013.160
MinimumVisualStudioVersion = 10.0.40219.1
Project("{FAE04EC0-301F-11D3-BF4B-00C04F79EFBC}") = "Projeto_Claro_Escuro", "Projeto_Claro_Escuro\Projeto_Claro_Escuro.csproj", "{EE07D7CB-55D0-437F-96F7-FD625E833478}"
EndProject
Global
	GlobalSection(SolutionConfigurationPlatforms) = preSolution
		Debug|Any CPU = Debug|Any CPU
		Release|Any CPU = Release|Any CPU
	EndGlobalSection
	GlobalSection(ProjectConfigurationPlatforms) = postSolution
		{EE07D7CB-55D0-437F-96F7-FD625E833478}.Debug|Any CPU.ActiveCfg = Debug|Any CPU
		{EE07D7CB-55D0-437F-96F7-FD625E833478}.Debug|Any CPU.Build.0 = Debug|Any CPU
		{EE07D7CB-55D0-437F-96F7-FD625E833478}.Release|Any CPU.ActiveCfg = Release|Any CPU
		{EE07D7CB-55D0-437F-96F7-FD625E833478}.Release|Any CPU.Build.0 = Release|Any CPU
	EndGlobalSection
	GlobalSection(SolutionProperties) = preSolution
		HideSolutionNode = FALSE
	EndGlobalSection
	GlobalSection(ExtensibilityGlobals) = postSolution
		SolutionGuid = {04A76A37-9119-493C-B01F-06AC300F0AC7}
	EndGlobalSection
EndGlobal
